Microsoft Visual Studio Solution File, Format Version 12.00
# Visual Studio Version 17
VisualStudioVersion = 17.5.2.0
MinimumVisualStudioVersion = 10.0.40219.1
Project("{FAE04EC0-301F-11D3-BF4B-00C04F79EFBC}") = "ZooPandica", "ZooPandica.csproj", "{358E56E2-4F2B-D458-BC6B-EF61F3CF1E56}"
EndProject
Global
	GlobalSection(SolutionConfigurationPlatforms) = preSolution
		Debug|Any CPU = Debug|Any CPU
		Release|Any CPU = Release|Any CPU
	EndGlobalSection
	GlobalSection(ProjectConfigurationPlatforms) = postSolution
		{358E56E2-4F2B-D458-BC6B-EF61F3CF1E56}.Debug|Any CPU.ActiveCfg = Debug|Any CPU
		{358E56E2-4F2B-D458-BC6B-EF61F3CF1E56}.Debug|Any CPU.Build.0 = Debug|Any CPU
		{358E56E2-4F2B-D458-BC6B-EF61F3CF1E56}.Release|Any CPU.ActiveCfg = Release|Any CPU
		{358E56E2-4F2B-D458-BC6B-EF61F3CF1E56}.Release|Any CPU.Build.0 = Release|Any CPU
	EndGlobalSection
	GlobalSection(SolutionProperties) = preSolution
		HideSolutionNode = FALSE
	EndGlobalSection
	GlobalSection(ExtensibilityGlobals) = postSolution
		SolutionGuid = {7B0DAA8D-42AE-4365-B1DA-1F49475443A6}
	EndGlobalSection
EndGlobal
